
Microsoft Visual Studio Solution File, Format Version 12.00
# Visual Studio Version 17
VisualStudioVersion = 17.6.33829.357
MinimumVisualStudioVersion = 10.0.40219.1
Project("{FAE04EC0-301F-11D3-BF4B-00C04F79EFBC}") = "TasteFoodIt", "TasteFoodIt\TasteFoodIt.csproj", "{67C6804E-EB35-4A82-BE72-5E753973AF49}"
EndProject
Global
	GlobalSection(SolutionConfigurationPlatforms) = preSolution
		Debug|Any CPU = Debug|Any CPU
		Release|Any CPU = Release|Any CPU
	EndGlobalSection
	GlobalSection(ProjectConfigurationPlatforms) = postSolution
		{67C6804E-EB35-4A82-BE72-5E753973AF49}.Debug|Any CPU.ActiveCfg = Debug|Any CPU
		{67C6804E-EB35-4A82-BE72-5E753973AF49}.Debug|Any CPU.Build.0 = Debug|Any CPU
		{67C6804E-EB35-4A82-BE72-5E753973AF49}.Release|Any CPU.ActiveCfg = Release|Any CPU
		{67C6804E-EB35-4A82-BE72-5E753973AF49}.Release|Any CPU.Build.0 = Release|Any CPU
	EndGlobalSection
	GlobalSection(SolutionProperties) = preSolution
		HideSolutionNode = FALSE
	EndGlobalSection
	GlobalSection(ExtensibilityGlobals) = postSolution
		SolutionGuid = {30625353-B6CC-4015-9AD0-425D85D5D427}
	EndGlobalSection
EndGlobal
